
Microsoft Visual Studio Solution File, Format Version 12.00
# Visual Studio Version 17
VisualStudioVersion = 17.4.33122.133
MinimumVisualStudioVersion = 10.0.40219.1
Project("{9A19103F-16F7-4668-BE54-9A1E7A4F7556}") = "01-NewFeatures", "01-NewFeatures\01-NewFeatures.csproj", "{33C43E75-9736-48FA-8322-BB94F77DF2B2}"
EndProject
Global
	GlobalSection(SolutionConfigurationPlatforms) = preSolution
		Debug|Any CPU = Debug|Any CPU
		Release|Any CPU = Release|Any CPU
	EndGlobalSection
	GlobalSection(ProjectConfigurationPlatforms) = postSolution
		{33C43E75-9736-48FA-8322-BB94F77DF2B2}.Debug|Any CPU.ActiveCfg = Debug|Any CPU
		{33C43E75-9736-48FA-8322-BB94F77DF2B2}.Debug|Any CPU.Build.0 = Debug|Any CPU
		{33C43E75-9736-48FA-8322-BB94F77DF2B2}.Release|Any CPU.ActiveCfg = Release|Any CPU
		{33C43E75-9736-48FA-8322-BB94F77DF2B2}.Release|Any CPU.Build.0 = Release|Any CPU
	EndGlobalSection
	GlobalSection(SolutionProperties) = preSolution
		HideSolutionNode = FALSE
	EndGlobalSection
	GlobalSection(ExtensibilityGlobals) = postSolution
		SolutionGuid = {265BFCE3-EBAA-4080-9C85-7256BC9FCCED}
	EndGlobalSection
EndGlobal
